
Microsoft Visual Studio Solution File, Format Version 12.00
# Visual Studio Version 17
VisualStudioVersion = 17.4.33205.214
MinimumVisualStudioVersion = 10.0.40219.1
Project("{FAE04EC0-301F-11D3-BF4B-00C04F79EFBC}") = "Diplomna", "Diplomna\Diplomna.csproj", "{401312B6-1F4B-402C-8688-D48B564AFECC}"
EndProject
Global
	GlobalSection(SolutionConfigurationPlatforms) = preSolution
		Debug|Any CPU = Debug|Any CPU
		Release|Any CPU = Release|Any CPU
	EndGlobalSection
	GlobalSection(ProjectConfigurationPlatforms) = postSolution
		{401312B6-1F4B-402C-8688-D48B564AFECC}.Debug|Any CPU.ActiveCfg = Debug|Any CPU
		{401312B6-1F4B-402C-8688-D48B564AFECC}.Debug|Any CPU.Build.0 = Debug|Any CPU
		{401312B6-1F4B-402C-8688-D48B564AFECC}.Release|Any CPU.ActiveCfg = Release|Any CPU
		{401312B6-1F4B-402C-8688-D48B564AFECC}.Release|Any CPU.Build.0 = Release|Any CPU
	EndGlobalSection
	GlobalSection(SolutionProperties) = preSolution
		HideSolutionNode = FALSE
	EndGlobalSection
	GlobalSection(ExtensibilityGlobals) = postSolution
		SolutionGuid = {4A11B1DB-8D7C-419E-B486-063AB1324EFA}
	EndGlobalSection
EndGlobal
